
Microsoft Visual Studio Solution File, Format Version 12.00
# Visual Studio 15
VisualStudioVersion = 15.0.28307.168
MinimumVisualStudioVersion = 10.0.40219.1
Project("{FAE04EC0-301F-11D3-BF4B-00C04F79EFBC}") = "MicrosoftGraphHelpers", "MicrosoftGraphHelpers\MicrosoftGraphHelpers.csproj", "{BBA8D2AE-3B76-4091-A448-2635726AB703}"
EndProject
Project("{2150E333-8FDC-42A3-9474-1A3956D46DE8}") = "Solution Items", "Solution Items", "{E6C871DA-5E56-4BD8-B273-5959379D5F0E}"
	ProjectSection(SolutionItems) = preProject
		README.md = README.md
	EndProjectSection
EndProject
Global
	GlobalSection(SolutionConfigurationPlatforms) = preSolution
		Debug|Any CPU = Debug|Any CPU
		Release|Any CPU = Release|Any CPU
	EndGlobalSection
	GlobalSection(ProjectConfigurationPlatforms) = postSolution
		{BBA8D2AE-3B76-4091-A448-2635726AB703}.Debug|Any CPU.ActiveCfg = Debug|Any CPU
		{BBA8D2AE-3B76-4091-A448-2635726AB703}.Debug|Any CPU.Build.0 = Debug|Any CPU
		{BBA8D2AE-3B76-4091-A448-2635726AB703}.Release|Any CPU.ActiveCfg = Release|Any CPU
		{BBA8D2AE-3B76-4091-A448-2635726AB703}.Release|Any CPU.Build.0 = Release|Any CPU
	EndGlobalSection
	GlobalSection(SolutionProperties) = preSolution
		HideSolutionNode = FALSE
	EndGlobalSection
	GlobalSection(ExtensibilityGlobals) = postSolution
		SolutionGuid = {6ECBEF72-3B3B-478E-A58B-67E35F6F99CC}
	EndGlobalSection
EndGlobal
